// !$*UTF8*$!
{
	archiveVersion = 1;
	classes = {
	};
	objectVersion = 46;
	objects = {

/* Begin PBXBuildFile section */
		11CF616B1CB6F32E0073A982 /* AppDelegate.swift in Sources */ = {isa = PBXBuildFile; fileRef = 11CF616A1CB6F32E0073A982 /* AppDelegate.swift */; };
		11CF616D1CB6F32E0073A982 /* ViewController.swift in Sources */ = {isa = PBXBuildFile; fileRef = 11CF616C1CB6F32E0073A982 /* ViewController.swift */; };
		11CF61701CB6F32E0073A982 /* Main.storyboard in Resources */ = {isa = PBXBuildFile; fileRef = 11CF616E1CB6F32E0073A982 /* Main.storyboard */; };
		11CF61731CB6F32E0073A982 /* MoowLife.xcdatamodeld in Sources */ = {isa = PBXBuildFile; fileRef = 11CF61711CB6F32E0073A982 /* MoowLife.xcdatamodeld */; };
		11CF61751CB6F32E0073A982 /* Assets.xcassets in Resources */ = {isa = PBXBuildFile; fileRef = 11CF61741CB6F32E0073A982 /* Assets.xcassets */; };
		11CF61781CB6F32E0073A982 /* LaunchScreen.storyboard in Resources */ = {isa = PBXBuildFile; fileRef = 11CF61761CB6F32E0073A982 /* LaunchScreen.storyboard */; };
/* End PBXBuildFile section */

/* Begin PBXFileReference section */
		11CF61671CB6F32E0073A982 /* MoowLife.app */ = {isa = PBXFileReference; explicitFileType = wrapper.application; includeInIndex = 0; path = MoowLife.app; sourceTree = BUILT_PRODUCTS_DIR; };
		11CF616A1CB6F32E0073A982 /* AppDelegate.swift */ = {isa = PBXFileReference; lastKnownFileType = sourcecode.swift; path = AppDelegate.swift; sourceTree = "<group>"; };
		11CF616C1CB6F32E0073A982 /* ViewController.swift */ = {isa = PBXFileReference; lastKnownFileType = sourcecode.swift; path = ViewController.swift; sourceTree = "<group>"; };
		11CF616F1CB6F32E0073A982 /* Base */ = {isa = PBXFileReference; lastKnownFileType = file.storyboard; name = Base; path = Base.lproj/Main.storyboard; sourceTree = "<group>"; };
		11CF61721CB6F32E0073A982 /* MoowLife.xcdatamodel */ = {isa = PBXFileReference; lastKnownFileType = wrapper.xcdatamodel; path = MoowLife.xcdatamodel; sourceTree = "<group>"; };
		11CF61741CB6F32E0073A982 /* Assets.xcassets */ = {isa = PBXFileReference; lastKnownFileType = folder.assetcatalog; path = Assets.xcassets; sourceTree = "<group>"; };
		11CF61771CB6F32E0073A982 /* Base */ = {isa = PBXFileReference; lastKnownFileType = file.storyboard; name = Base; path = Base.lproj/LaunchScreen.storyboard; sourceTree = "<group>"; };
		11CF61791CB6F32E0073A982 /* Info.plist */ = {isa = PBXFileReference; lastKnownFileType = text.plist.xml; path = Info.plist; sourceTree = "<group>"; };
/* End PBXFileReference section */

/* Begin PBXFrameworksBuildPhase section */
		11CF61641CB6F32E0073A982 /* Frameworks */ = {
			isa = PBXFrameworksBuildPhase;
			buildActionMask = 2147483647;
			files = (
			);
			runOnlyForDeploymentPostprocessing = 0;
		};
/* End PBXFrameworksBuildPhase section */

/* Begin PBXGroup section */
		11CF615E1CB6F32E0073A982 = {
			isa = PBXGroup;
			children = (
				11CF61691CB6F32E0073A982 /* MoowLife */,
				11CF61681CB6F32E0073A982 /* Products */,
			);
			sourceTree = "<group>";
		};
		11CF61681CB6F32E0073A982 /* Products */ = {
			isa = PBXGroup;
			children = (
				11CF61671CB6F32E0073A982 /* MoowLife.app */,
			);
			name = Products;
			sourceTree = "<group>";
		};
		11CF61691CB6F32E0073A982 /* MoowLife */ = {
			isa = PBXGroup;
			children = (
				11CF616A1CB6F32E0073A982 /* AppDelegate.swift */,
				11CF616C1CB6F32E0073A982 /* ViewController.swift */,
				11CF616E1CB6F32E0073A982 /* Main.storyboard */,
				11CF61741CB6F32E0073A982 /* Assets.xcassets */,
				11CF61761CB6F32E0073A982 /* LaunchScreen.storyboard */,
				11CF61791CB6F32E0073A982 /* Info.plist */,
				11CF61711CB6F32E0073A982 /* MoowLife.xcdatamodeld */,
			);
			path = MoowLife;
			sourceTree = "<group>";
		};
/* End PBXGroup section */

/* Begin PBXNativeTarget section */
		11CF61661CB6F32E0073A982 /* MoowLife */ = {
			isa = PBXNativeTarget;
			buildConfigurationList = 11CF617C1CB6F32E0073A982 /* Build configuration list for PBXNativeTarget "MoowLife" */;
			buildPhases = (
				11CF61631CB6F32E0073A982 /* Sources */,
				11CF61641CB6F32E0073A982 /* Frameworks */,
				11CF61651CB6F32E0073A982 /* Resources */,
			);
			buildRules = (
			);
			dependencies = (
			);
			name = MoowLife;
			productName = MoowLife;
			productReference = 11CF61671CB6F32E0073A982 /* MoowLife.app */;
			productType = "com.apple.product-type.application";
		};
/* End PBXNativeTarget section */

/* Begin PBXProject section */
		11CF615F1CB6F32E0073A982 /* Project object */ = {
			isa = PBXProject;
			attributes = {
				LastSwiftUpdateCheck = 0730;
				LastUpgradeCheck = 0730;
				ORGANIZATIONNAME = "Oleh Herashchenko";
				TargetAttributes = {
					11CF61661CB6F32E0073A982 = {
						CreatedOnToolsVersion = 7.3;
					};
				};
			};
			buildConfigurationList = 11CF61621CB6F32E0073A982 /* Build configuration list for PBXProject "MoowLife" */;
			compatibilityVersion = "Xcode 3.2";
			developmentRegion = English;
			hasScannedForEncodings = 0;
			knownRegions = (
				en,
				Base,
			);
			mainGroup = 11CF615E1CB6F32E0073A982;
			productRefGroup = 11CF61681CB6F32E0073A982 /* Products */;
			projectDirPath = "";
			projectRoot = "";
			targets = (
				11CF61661CB6F32E0073A982 /* MoowLife */,
			);
		};
/* End PBXProject section */

/* Begin PBXResourcesBuildPhase section */
		11CF61651CB6F32E0073A982 /* Resources */ = {
			isa = PBXResourcesBuildPhase;
			buildActionMask = 2147483647;
			files = (
				11CF61781CB6F32E0073A982 /* LaunchScreen.storyboard in Resources */,
				11CF61751CB6F32E0073A982 /* Assets.xcassets in Resources */,
				11CF61701CB6F32E0073A982 /* Main.storyboard in Resources */,
			);
			runOnlyForDeploymentPostprocessing = 0;
		};
/* End PBXResourcesBuildPhase section */

/* Begin PBXSourcesBuildPhase section */
		11CF61631CB6F32E0073A982 /* Sources */ = {
			isa = PBXSourcesBuildPhase;
			buildActionMask = 2147483647;
			files = (
				11CF616D1CB6F32E0073A982 /* ViewController.swift in Sources */,
				11CF616B1CB6F32E0073A982 /* AppDelegate.swift in Sources */,
				11CF61731CB6F32E0073A982 /* MoowLife.xcdatamodeld in Sources */,
			);
			runOnlyForDeploymentPostprocessing = 0;
		};
/* End PBXSourcesBuildPhase section */

/* Begin PBXVariantGroup section */
		11CF616E1CB6F32E0073A982 /* Main.storyboard */ = {
			isa = PBXVariantGroup;
			children = (
				11CF616F1CB6F32E0073A982 /* Base */,
			);
			name = Main.storyboard;
			sourceTree = "<group>";
		};
		11CF61761CB6F32E0073A982 /* LaunchScreen.storyboard */ = {
			isa = PBXVariantGroup;
			children = (
				11CF61771CB6F32E0073A982 /* Base */,
			);
			name = LaunchScreen.storyboard;
			sourceTree = "<group>";
		};
/* End PBXVariantGroup section */

/* Begin XCBuildConfiguration section */
		11CF617A1CB6F32E0073A982 /* Debug */ = {
			isa = XCBuildConfiguration;
			buildSettings = {
				ALWAYS_SEARCH_USER_PATHS = NO;
				CLANG_ANALYZER_NONNULL = YES;
				CLANG_CXX_LANGUAGE_STANDARD = "gnu++0x";
				CLANG_CXX_LIBRARY = "libc++";
				CLANG_ENABLE_MODULES = YES;
				CLANG_ENABLE_OBJC_ARC = YES;
				CLANG_WARN_BOOL_CONVERSION = YES;
				CLANG_WARN_CONSTANT_CONVERSION = YES;
				CLANG_WARN_DIRECT_OBJC_ISA_USAGE = YES_ERROR;
				CLANG_WARN_EMPTY_BODY = YES;
				CLANG_WARN_ENUM_CONVERSION = YES;
				CLANG_WARN_INT_CONVERSION = YES;
				CLANG_WARN_OBJC_ROOT_CLASS = YES_ERROR;
				CLANG_WARN_UNREACHABLE_CODE = YES;
				CLANG_WARN__DUPLICATE_METHOD_MATCH = YES;
				"CODE_SIGN_IDENTITY[sdk=iphoneos*]" = "iPhone Developer";
				COPY_PHASE_STRIP = NO;
				DEBUG_INFORMATION_FORMAT = dwarf;
				ENABLE_STRICT_OBJC_MSGSEND = YES;
				ENABLE_TESTABILITY = YES;
				GCC_C_LANGUAGE_STANDARD = gnu99;
				GCC_DYNAMIC_NO_PIC = NO;
				GCC_NO_COMMON_BLOCKS = YES;
				GCC_OPTIMIZATION_LEVEL = 0;
				GCC_PREPROCESSOR_DEFINITIONS = (
					"DEBUG=1",
					"$(inherited)",
				);
				GCC_WARN_64_TO_32_BIT_CONVERSION = YES;
				GCC_WARN_ABOUT_RETURN_TYPE = YES_ERROR;
				GCC_WARN_UNDECLARED_SELECTOR = YES;
				GCC_WARN_UNINITIALIZED_AUTOS = YES_AGGRESSIVE;
				GCC_WARN_UNUSED_FUNCTION = YES;
				GCC_WARN_UNUSED_VARIABLE = YES;
				IPHONEOS_DEPLOYMENT_TARGET = 9.3;
				MTL_ENABLE_DEBUG_INFO = YES;
				ONLY_ACTIVE_ARCH = YES;
				SDKROOT = iphoneos;
				SWIFT_OPTIMIZATION_LEVEL = "-Onone";
			};
			name = Debug;
		};
		11CF617B1CB6F32E0073A982 /* Release */ = {
			isa = XCBuildConfiguration;
			buildSettings = {
				ALWAYS_SEARCH_USER_PATHS = NO;
				CLANG_ANALYZER_NONNULL = YES;
				CLANG_CXX_LANGUAGE_STANDARD = "gnu++0x";
				CLANG_CXX_LIBRARY = "libc++";
				CLANG_ENABLE_MODULES = YES;
				CLANG_ENABLE_OBJC_ARC = YES;
				CLANG_WARN_BOOL_CONVERSION = YES;
				CLANG_WARN_CONSTANT_CONVERSION = YES;
				CLANG_WARN_DIRECT_OBJC_ISA_USAGE = YES_ERROR;
				CLANG_WARN_EMPTY_BODY = YES;
				CLANG_WARN_ENUM_CONVERSION = YES;
				CLANG_WARN_INT_CONVERSION = YES;
				CLANG_WARN_OBJC_ROOT_CLASS = YES_ERROR;
				CLANG_WARN_UNREACHABLE_CODE = YES;
				CLANG_WARN__DUPLICATE_METHOD_MATCH = YES;
				"CODE_SIGN_IDENTITY[sdk=iphoneos*]" = "iPhone Developer";
				COPY_PHASE_STRIP = NO;
				DEBUG_INFORMATION_FORMAT = "dwarf-with-dsym";
				ENABLE_NS_ASSERTIONS = NO;
				ENABLE_STRICT_OBJC_MSGSEND = YES;
				GCC_C_LANGUAGE_STANDARD = gnu99;
				GCC_NO_COMMON_BLOCKS = YES;
				GCC_WARN_64_TO_32_BIT_CONVERSION = YES;
				GCC_WARN_ABOUT_RETURN_TYPE = YES_ERROR;
				GCC_WARN_UNDECLARED_SELECTOR = YES;
				GCC_WARN_UNINITIALIZED_AUTOS = YES_AGGRESSIVE;
				GCC_WARN_UNUSED_FUNCTION = YES;
				GCC_WARN_UNUSED_VARIABLE = YES;
				IPHONEOS_DEPLOYMENT_TARGET = 9.3;
				MTL_ENABLE_DEBUG_INFO = NO;
				SDKROOT = iphoneos;
				VALIDATE_PRODUCT = YES;
			};
			name = Release;
		};
		11CF617D1CB6F32E0073A982 /* Debug */ = {
			isa = XCBuildConfiguration;
			buildSettings = {
				ASSETCATALOG_COMPILER_APPICON_NAME = AppIcon;
				INFOPLIST_FILE = MoowLife/Info.plist;
				LD_RUNPATH_SEARCH_PATHS = "$(inherited) @executable_path/Frameworks";
				PRODUCT_BUNDLE_IDENTIFIER = MoowLife.MoowLife;
				PRODUCT_NAME = "$(TARGET_NAME)";
			};
			name = Debug;
		};
		11CF617E1CB6F32E0073A982 /* Release */ = {
			isa = XCBuildConfiguration;
			buildSettings = {
				ASSETCATALOG_COMPILER_APPICON_NAME = AppIcon;
				INFOPLIST_FILE = MoowLife/Info.plist;
				LD_RUNPATH_SEARCH_PATHS = "$(inherited) @executable_path/Frameworks";
				PRODUCT_BUNDLE_IDENTIFIER = MoowLife.MoowLife;
				PRODUCT_NAME = "$(TARGET_NAME)";
			};
			name = Release;
		};
/* End XCBuildConfiguration section */

/* Begin XCConfigurationList section */
		11CF61621CB6F32E0073A982 /* Build configuration list for PBXProject "MoowLife" */ = {
			isa = XCConfigurationList;
			buildConfigurations = (
				11CF617A1CB6F32E0073A982 /* Debug */,
				11CF617B1CB6F32E0073A982 /* Release */,
			);
			defaultConfigurationIsVisible = 0;
			defaultConfigurationName = Release;
		};
		11CF617C1CB6F32E0073A982 /* Build configuration list for PBXNativeTarget "MoowLife" */ = {
			isa = XCConfigurationList;
			buildConfigurations = (
				11CF617D1CB6F32E0073A982 /* Debug */,
				11CF617E1CB6F32E0073A982 /* Release */,
			);
			defaultConfigurationIsVisible = 0;
		};
/* End XCConfigurationList section */

/* Begin XCVersionGroup section */
		11CF61711CB6F32E0073A982 /* MoowLife.xcdatamodeld */ = {
			isa = XCVersionGroup;
			children = (
				11CF61721CB6F32E0073A982 /* MoowLife.xcdatamodel */,
			);
			currentVersion = 11CF61721CB6F32E0073A982 /* MoowLife.xcdatamodel */;
			path = MoowLife.xcdatamodeld;
			sourceTree = "<group>";
			versionGroupType = wrapper.xcdatamodel;
		};
/* End XCVersionGroup section */
	};
	rootObject = 11CF615F1CB6F32E0073A982 /* Project object */;
}
